
Microsoft Visual Studio Solution File, Format Version 12.00
# Visual Studio Version 17
VisualStudioVersion = 17.9.34622.214
MinimumVisualStudioVersion = 10.0.40219.1
Project("{9A19103F-16F7-4668-BE54-9A1E7A4F7556}") = "PlaywrightWs", "PlaywrightWs.csproj", "{9BA80ADB-37F1-485A-B60B-B72A4FFE58DF}"
EndProject
Global
	GlobalSection(SolutionConfigurationPlatforms) = preSolution
		Debug|Any CPU = Debug|Any CPU
		Release|Any CPU = Release|Any CPU
	EndGlobalSection
	GlobalSection(ProjectConfigurationPlatforms) = postSolution
		{9BA80ADB-37F1-485A-B60B-B72A4FFE58DF}.Debug|Any CPU.ActiveCfg = Debug|Any CPU
		{9BA80ADB-37F1-485A-B60B-B72A4FFE58DF}.Debug|Any CPU.Build.0 = Debug|Any CPU
		{9BA80ADB-37F1-485A-B60B-B72A4FFE58DF}.Release|Any CPU.ActiveCfg = Release|Any CPU
		{9BA80ADB-37F1-485A-B60B-B72A4FFE58DF}.Release|Any CPU.Build.0 = Release|Any CPU
	EndGlobalSection
	GlobalSection(SolutionProperties) = preSolution
		HideSolutionNode = FALSE
	EndGlobalSection
	GlobalSection(ExtensibilityGlobals) = postSolution
		SolutionGuid = {89D51253-C00C-4ABE-A325-8A6DAEF731F4}
	EndGlobalSection
EndGlobal
