
Microsoft Visual Studio Solution File, Format Version 12.00
# Visual Studio Version 17
VisualStudioVersion = 17.8.34525.116
MinimumVisualStudioVersion = 10.0.40219.1
Project("{9A19103F-16F7-4668-BE54-9A1E7A4F7556}") = "SeleniumDemoQA", "SeleniumDemoQA\SeleniumDemoQA.csproj", "{D9B42D8F-1ABB-47C4-9DB1-FD9F1B30B06F}"
EndProject
Project("{9A19103F-16F7-4668-BE54-9A1E7A4F7556}") = "CSharpBasics", "CSharpBasics\CSharpBasics.csproj", "{4D86D02A-35AF-401B-9B62-DFD0DA100D5B}"
EndProject
Project("{9A19103F-16F7-4668-BE54-9A1E7A4F7556}") = "Houses", "Houses\Houses.csproj", "{FE888ED6-A03B-44B8-BFDA-9A19E66E1358}"
EndProject
Project("{FAE04EC0-301F-11D3-BF4B-00C04F79EFBC}") = "NUnitHomeworks", "NUnitHomeworks\NUnitHomeworks.csproj", "{158C4102-17E6-44A7-AB26-CFFE837C8128}"
EndProject
Global
	GlobalSection(SolutionConfigurationPlatforms) = preSolution
		Debug|Any CPU = Debug|Any CPU
		Release|Any CPU = Release|Any CPU
	EndGlobalSection
	GlobalSection(ProjectConfigurationPlatforms) = postSolution
		{D9B42D8F-1ABB-47C4-9DB1-FD9F1B30B06F}.Debug|Any CPU.ActiveCfg = Debug|Any CPU
		{D9B42D8F-1ABB-47C4-9DB1-FD9F1B30B06F}.Debug|Any CPU.Build.0 = Debug|Any CPU
		{D9B42D8F-1ABB-47C4-9DB1-FD9F1B30B06F}.Release|Any CPU.ActiveCfg = Release|Any CPU
		{D9B42D8F-1ABB-47C4-9DB1-FD9F1B30B06F}.Release|Any CPU.Build.0 = Release|Any CPU
		{4D86D02A-35AF-401B-9B62-DFD0DA100D5B}.Debug|Any CPU.ActiveCfg = Debug|Any CPU
		{4D86D02A-35AF-401B-9B62-DFD0DA100D5B}.Debug|Any CPU.Build.0 = Debug|Any CPU
		{4D86D02A-35AF-401B-9B62-DFD0DA100D5B}.Release|Any CPU.ActiveCfg = Release|Any CPU
		{4D86D02A-35AF-401B-9B62-DFD0DA100D5B}.Release|Any CPU.Build.0 = Release|Any CPU
		{FE888ED6-A03B-44B8-BFDA-9A19E66E1358}.Debug|Any CPU.ActiveCfg = Debug|Any CPU
		{FE888ED6-A03B-44B8-BFDA-9A19E66E1358}.Debug|Any CPU.Build.0 = Debug|Any CPU
		{FE888ED6-A03B-44B8-BFDA-9A19E66E1358}.Release|Any CPU.ActiveCfg = Release|Any CPU
		{FE888ED6-A03B-44B8-BFDA-9A19E66E1358}.Release|Any CPU.Build.0 = Release|Any CPU
		{158C4102-17E6-44A7-AB26-CFFE837C8128}.Debug|Any CPU.ActiveCfg = Debug|Any CPU
		{158C4102-17E6-44A7-AB26-CFFE837C8128}.Debug|Any CPU.Build.0 = Debug|Any CPU
		{158C4102-17E6-44A7-AB26-CFFE837C8128}.Release|Any CPU.ActiveCfg = Release|Any CPU
		{158C4102-17E6-44A7-AB26-CFFE837C8128}.Release|Any CPU.Build.0 = Release|Any CPU
	EndGlobalSection
	GlobalSection(SolutionProperties) = preSolution
		HideSolutionNode = FALSE
	EndGlobalSection
	GlobalSection(ExtensibilityGlobals) = postSolution
		SolutionGuid = {FFFE35E5-023E-47F1-8841-6B087A4EFCF6}
	EndGlobalSection
EndGlobal
